
Microsoft Visual Studio Solution File, Format Version 12.00
# Visual Studio Version 17
VisualStudioVersion = 17.0.31717.71
MinimumVisualStudioVersion = 10.0.40219.1
Project("{9A19103F-16F7-4668-BE54-9A1E7A4F7556}") = "SecureSpend", "SecureSpend.csproj", "{E55004F7-85CE-4DC8-BB8C-F51A3EF73525}"
EndProject
Global
	GlobalSection(SolutionConfigurationPlatforms) = preSolution
		Debug|Any CPU = Debug|Any CPU
		Release|Any CPU = Release|Any CPU
	EndGlobalSection
	GlobalSection(ProjectConfigurationPlatforms) = postSolution
		{E55004F7-85CE-4DC8-BB8C-F51A3EF73525}.Debug|Any CPU.ActiveCfg = Debug|Any CPU
		{E55004F7-85CE-4DC8-BB8C-F51A3EF73525}.Debug|Any CPU.Build.0 = Debug|Any CPU
		{E55004F7-85CE-4DC8-BB8C-F51A3EF73525}.Release|Any CPU.ActiveCfg = Release|Any CPU
		{E55004F7-85CE-4DC8-BB8C-F51A3EF73525}.Release|Any CPU.Build.0 = Release|Any CPU
	EndGlobalSection
	GlobalSection(SolutionProperties) = preSolution
		HideSolutionNode = FALSE
	EndGlobalSection
	GlobalSection(ExtensibilityGlobals) = postSolution
		SolutionGuid = {E42701D0-F3D2-450D-862B-53DA4FD0A26E}
	EndGlobalSection
EndGlobal